
Microsoft Visual Studio Solution File, Format Version 12.00
# Visual Studio Version 17
VisualStudioVersion = 17.14.36109.1 d17.14
MinimumVisualStudioVersion = 10.0.40219.1
Project("{FAE04EC0-301F-11D3-BF4B-00C04F79EFBC}") = "EmployeeManagementWinForms", "EmployeeManagementWinForms.csproj", "{EB20D70E-76CA-5647-448D-B74CAFFCD4EA}"
EndProject
Global
	GlobalSection(SolutionConfigurationPlatforms) = preSolution
		Debug|Any CPU = Debug|Any CPU
		Release|Any CPU = Release|Any CPU
	EndGlobalSection
	GlobalSection(ProjectConfigurationPlatforms) = postSolution
		{EB20D70E-76CA-5647-448D-B74CAFFCD4EA}.Debug|Any CPU.ActiveCfg = Debug|Any CPU
		{EB20D70E-76CA-5647-448D-B74CAFFCD4EA}.Debug|Any CPU.Build.0 = Debug|Any CPU
		{EB20D70E-76CA-5647-448D-B74CAFFCD4EA}.Release|Any CPU.ActiveCfg = Release|Any CPU
		{EB20D70E-76CA-5647-448D-B74CAFFCD4EA}.Release|Any CPU.Build.0 = Release|Any CPU
	EndGlobalSection
	GlobalSection(SolutionProperties) = preSolution
		HideSolutionNode = FALSE
	EndGlobalSection
	GlobalSection(ExtensibilityGlobals) = postSolution
		SolutionGuid = {9507A9D7-2EE4-486D-87AA-CC84A299B74B}
	EndGlobalSection
EndGlobal
