
Microsoft Visual Studio Solution File, Format Version 12.00
# Visual Studio Version 17
VisualStudioVersion = 17.14.36203.30 d17.14
MinimumVisualStudioVersion = 10.0.40219.1
Project("{FAE04EC0-301F-11D3-BF4B-00C04F79EFBC}") = "Department_and_position", "Department_and_position\Department_and_position.csproj", "{586D9547-26A7-4F6E-8631-0E47AE218028}"
EndProject
Global
	GlobalSection(SolutionConfigurationPlatforms) = preSolution
		Debug|Any CPU = Debug|Any CPU
		Release|Any CPU = Release|Any CPU
	EndGlobalSection
	GlobalSection(ProjectConfigurationPlatforms) = postSolution
		{586D9547-26A7-4F6E-8631-0E47AE218028}.Debug|Any CPU.ActiveCfg = Debug|Any CPU
		{586D9547-26A7-4F6E-8631-0E47AE218028}.Debug|Any CPU.Build.0 = Debug|Any CPU
		{586D9547-26A7-4F6E-8631-0E47AE218028}.Release|Any CPU.ActiveCfg = Release|Any CPU
		{586D9547-26A7-4F6E-8631-0E47AE218028}.Release|Any CPU.Build.0 = Release|Any CPU
	EndGlobalSection
	GlobalSection(SolutionProperties) = preSolution
		HideSolutionNode = FALSE
	EndGlobalSection
	GlobalSection(ExtensibilityGlobals) = postSolution
		SolutionGuid = {D23F3135-F5D0-4884-BF12-78AA588655BB}
	EndGlobalSection
EndGlobal
